# THIS IS AN AUTOGENERATED FILE. DO NOT EDIT THIS FILE DIRECTLY.
# yarn lockfile v1


pretty-checkbox@^3.0.3:
  version "3.0.3"
  resolved "https://registry.yarnpkg.com/pretty-checkbox/-/pretty-checkbox-3.0.3.tgz#d49c8013a8fc08ee0c2d6ebde453464bfdbc428e"
  integrity sha1-1JyAE6j8CO4MLW695FNGS/28Qo4=
